
Microsoft Visual Studio Solution File, Format Version 12.00
# Visual Studio Version 16
VisualStudioVersion = 16.0.31624.102
MinimumVisualStudioVersion = 10.0.40219.1
Project("{FAE04EC0-301F-11D3-BF4B-00C04F79EFBC}") = "Quiz App", "Quiz App.csproj", "{016D8A29-0179-417B-87AD-0DBC02F44636}"
EndProject
Global
	GlobalSection(SolutionConfigurationPlatforms) = preSolution
		Debug|Any CPU = Debug|Any CPU
		Release|Any CPU = Release|Any CPU
	EndGlobalSection
	GlobalSection(ProjectConfigurationPlatforms) = postSolution
		{016D8A29-0179-417B-87AD-0DBC02F44636}.Debug|Any CPU.ActiveCfg = Debug|Any CPU
		{016D8A29-0179-417B-87AD-0DBC02F44636}.Debug|Any CPU.Build.0 = Debug|Any CPU
		{016D8A29-0179-417B-87AD-0DBC02F44636}.Debug|Any CPU.Deploy.0 = Debug|Any CPU
		{016D8A29-0179-417B-87AD-0DBC02F44636}.Release|Any CPU.ActiveCfg = Release|Any CPU
		{016D8A29-0179-417B-87AD-0DBC02F44636}.Release|Any CPU.Build.0 = Release|Any CPU
		{016D8A29-0179-417B-87AD-0DBC02F44636}.Release|Any CPU.Deploy.0 = Release|Any CPU
	EndGlobalSection
	GlobalSection(SolutionProperties) = preSolution
		HideSolutionNode = FALSE
	EndGlobalSection
	GlobalSection(ExtensibilityGlobals) = postSolution
		SolutionGuid = {A465E305-E47F-461B-BF06-94487D73EB21}
	EndGlobalSection
EndGlobal
